
Microsoft Visual Studio Solution File, Format Version 12.00
# Visual Studio 15
VisualStudioVersion = 15.0.26730.12
MinimumVisualStudioVersion = 10.0.40219.1
Project("{2150E333-8FDC-42A3-9474-1A3956D46DE8}") = "Behavioral", "Behavioral", "{5E87A7F8-5B8C-452E-B22B-A25A1B3A1B18}"
EndProject
Project("{2150E333-8FDC-42A3-9474-1A3956D46DE8}") = "Structural", "Structural", "{3258C01C-A063-4E97-9268-75C6EAD03511}"
EndProject
Project("{2150E333-8FDC-42A3-9474-1A3956D46DE8}") = "Creational", "Creational", "{590C840A-CA61-495E-ACB6-721CB2B9E01F}"
EndProject
Project("{9A19103F-16F7-4668-BE54-9A1E7A4F7556}") = "Singleton", "Singleton\Singleton.csproj", "{E0F79D26-0A39-4CF6-87CF-988E68C19985}"
EndProject
Project("{9A19103F-16F7-4668-BE54-9A1E7A4F7556}") = "State", "State\State.csproj", "{BDC65CE1-872D-42BF-8F59-D9CD5742B5C4}"
EndProject
Project("{9A19103F-16F7-4668-BE54-9A1E7A4F7556}") = "Composite", "Composite\Composite.csproj", "{B51D763F-20FD-4328-9F2B-B6D1698F8C18}"
EndProject
Project("{FAE04EC0-301F-11D3-BF4B-00C04F79EFBC}") = "MethodTemplate", "MethodTemplate\MethodTemplate.csproj", "{E4FBD485-E394-4B8C-84C6-CF5EF838BB03}"
EndProject
Global
	GlobalSection(SolutionConfigurationPlatforms) = preSolution
		Debug|Any CPU = Debug|Any CPU
		Release|Any CPU = Release|Any CPU
	EndGlobalSection
	GlobalSection(ProjectConfigurationPlatforms) = postSolution
		{E0F79D26-0A39-4CF6-87CF-988E68C19985}.Debug|Any CPU.ActiveCfg = Debug|Any CPU
		{E0F79D26-0A39-4CF6-87CF-988E68C19985}.Debug|Any CPU.Build.0 = Debug|Any CPU
		{E0F79D26-0A39-4CF6-87CF-988E68C19985}.Release|Any CPU.ActiveCfg = Release|Any CPU
		{E0F79D26-0A39-4CF6-87CF-988E68C19985}.Release|Any CPU.Build.0 = Release|Any CPU
		{BDC65CE1-872D-42BF-8F59-D9CD5742B5C4}.Debug|Any CPU.ActiveCfg = Debug|Any CPU
		{BDC65CE1-872D-42BF-8F59-D9CD5742B5C4}.Debug|Any CPU.Build.0 = Debug|Any CPU
		{BDC65CE1-872D-42BF-8F59-D9CD5742B5C4}.Release|Any CPU.ActiveCfg = Release|Any CPU
		{BDC65CE1-872D-42BF-8F59-D9CD5742B5C4}.Release|Any CPU.Build.0 = Release|Any CPU
		{B51D763F-20FD-4328-9F2B-B6D1698F8C18}.Debug|Any CPU.ActiveCfg = Debug|Any CPU
		{B51D763F-20FD-4328-9F2B-B6D1698F8C18}.Debug|Any CPU.Build.0 = Debug|Any CPU
		{B51D763F-20FD-4328-9F2B-B6D1698F8C18}.Release|Any CPU.ActiveCfg = Release|Any CPU
		{B51D763F-20FD-4328-9F2B-B6D1698F8C18}.Release|Any CPU.Build.0 = Release|Any CPU
		{E4FBD485-E394-4B8C-84C6-CF5EF838BB03}.Debug|Any CPU.ActiveCfg = Debug|Any CPU
		{E4FBD485-E394-4B8C-84C6-CF5EF838BB03}.Debug|Any CPU.Build.0 = Debug|Any CPU
		{E4FBD485-E394-4B8C-84C6-CF5EF838BB03}.Release|Any CPU.ActiveCfg = Release|Any CPU
		{E4FBD485-E394-4B8C-84C6-CF5EF838BB03}.Release|Any CPU.Build.0 = Release|Any CPU
	EndGlobalSection
	GlobalSection(SolutionProperties) = preSolution
		HideSolutionNode = FALSE
	EndGlobalSection
	GlobalSection(NestedProjects) = preSolution
		{E0F79D26-0A39-4CF6-87CF-988E68C19985} = {590C840A-CA61-495E-ACB6-721CB2B9E01F}
		{BDC65CE1-872D-42BF-8F59-D9CD5742B5C4} = {5E87A7F8-5B8C-452E-B22B-A25A1B3A1B18}
		{B51D763F-20FD-4328-9F2B-B6D1698F8C18} = {3258C01C-A063-4E97-9268-75C6EAD03511}
		{E4FBD485-E394-4B8C-84C6-CF5EF838BB03} = {3258C01C-A063-4E97-9268-75C6EAD03511}
	EndGlobalSection
	GlobalSection(ExtensibilityGlobals) = postSolution
		SolutionGuid = {6A7E11C1-DFAD-4D87-A888-1394F4312C03}
	EndGlobalSection
EndGlobal
